
Microsoft Visual Studio Solution File, Format Version 12.00
# Visual Studio Version 16
VisualStudioVersion = 16.0.30309.148
MinimumVisualStudioVersion = 10.0.40219.1
Project("{9A19103F-16F7-4668-BE54-9A1E7A4F7556}") = "Wexer.Content.Portal", "Wexer.Content.Portal\Wexer.Content.Portal.csproj", "{B8CC3581-56DD-4C26-9458-DD239772BE52}"
EndProject
Project("{9A19103F-16F7-4668-BE54-9A1E7A4F7556}") = "Wexer.Content.Portal.Repositories", "Wexer.Content.Portal.Repositories\Wexer.Content.Portal.Repositories.csproj", "{130CC393-DBEB-4CFC-8799-6024BC349412}"
EndProject
Project("{9A19103F-16F7-4668-BE54-9A1E7A4F7556}") = "Wexer.Content.Portal.ReadStore", "Wexer.Content.Portal.ReadStore\Wexer.Content.Portal.ReadStore.csproj", "{D04BAE17-595A-4ECD-B42D-2B495285423B}"
EndProject
Project("{9A19103F-16F7-4668-BE54-9A1E7A4F7556}") = "Wexer.Content.Portal.Logging", "Wexer.Content.Portal.Logging\Wexer.Content.Portal.Logging.csproj", "{501610AE-6033-4913-BAAB-F32695FD48CC}"
EndProject
Project("{9A19103F-16F7-4668-BE54-9A1E7A4F7556}") = "Wexer.Content.Portal.UnitTests", "Wexer.Content.Portal.UnitTests\Wexer.Content.Portal.UnitTests.csproj", "{F561119B-F248-44EA-97B3-4B3464198D65}"
EndProject
Project("{2150E333-8FDC-42A3-9474-1A3956D46DE8}") = "Services", "Services", "{9EE70613-E47C-4FFE-B23D-73B858FD8693}"
EndProject
Project("{9A19103F-16F7-4668-BE54-9A1E7A4F7556}") = "Wexer.Content.Portal.Clients", "Wexer.Content.Portal.Clients\Wexer.Content.Portal.Clients.csproj", "{56FBA9AA-D7E0-4144-89DE-2784C15488FC}"
EndProject
Project("{9A19103F-16F7-4668-BE54-9A1E7A4F7556}") = "Wexer.Content.Portal.Worker", "Wexer.Content.Portal.Worker\Wexer.Content.Portal.Worker.csproj", "{079C13B7-A0D3-486E-A8F9-0D47E5D8EB82}"
EndProject
Project("{9A19103F-16F7-4668-BE54-9A1E7A4F7556}") = "Wexer.Content.Portal.Command", "Wexer.Content.Portal.Command\Wexer.Content.Portal.Command.csproj", "{83ADE9D3-0260-4608-894F-E386B24EF74B}"
EndProject
Project("{9A19103F-16F7-4668-BE54-9A1E7A4F7556}") = "Wexer.Content.Portal.CommandHandlers", "Wexer.Content.Portal.CommandHandlers\Wexer.Content.Portal.CommandHandlers.csproj", "{4FC66D8F-1153-458E-881A-8017A5C008F8}"
EndProject
Project("{9A19103F-16F7-4668-BE54-9A1E7A4F7556}") = "Wexer.Content.Portal.ProviderService", "Wexer.Content.Portal.ProviderService\Wexer.Content.Portal.ProviderService.csproj", "{C7A35659-D0DA-4F63-899D-47474CA42608}"
EndProject
Project("{9A19103F-16F7-4668-BE54-9A1E7A4F7556}") = "Wexer.Content.Portal.ChannelService", "Wexer.Content.Portal.ChannelService\Wexer.Content.Portal.ChannelService.csproj", "{FB70B2D9-83C5-402D-B465-A7D0A57F6CF2}"
EndProject
Project("{9A19103F-16F7-4668-BE54-9A1E7A4F7556}") = "Wexer.Content.Portal.UserService", "Wexer.Content.Portal.UserService\Wexer.Content.Portal.UserService.csproj", "{D3E340E7-A9E1-4242-9716-52783172F173}"
EndProject
Project("{2150E333-8FDC-42A3-9474-1A3956D46DE8}") = "Models", "Models", "{9095BB91-17DE-4F04-B807-35E7E897D77A}"
EndProject
Project("{9A19103F-16F7-4668-BE54-9A1E7A4F7556}") = "Wexer.Content.Portal.Models", "Wexer.Content.Portal.Models\Wexer.Content.Portal.Models.csproj", "{5EC4EC3B-0264-452D-A12B-B1C2CEC35622}"
EndProject
Project("{9A19103F-16F7-4668-BE54-9A1E7A4F7556}") = "Wexer.Content.Portal.TitleService", "Wexer.Content.Portal.TitleService\Wexer.Content.Portal.TitleService.csproj", "{84391612-3638-4E94-9627-B26CA64FBAA5}"
EndProject
Project("{9A19103F-16F7-4668-BE54-9A1E7A4F7556}") = "Wexer.Content.Portal.EventService", "Wexer.Content.Portal.ScheduleService\Wexer.Content.Portal.EventService.csproj", "{4853D3B8-BBE6-4B06-8E8D-E92CB2B09BFE}"
EndProject
Project("{9A19103F-16F7-4668-BE54-9A1E7A4F7556}") = "Wexer.Content.Portal.RemoteService", "Wexer.Content.Portal.RemoteService\Wexer.Content.Portal.RemoteService.csproj", "{616CF36D-1D5E-4371-9D75-ED97E2352218}"
EndProject
Global
	GlobalSection(SolutionConfigurationPlatforms) = preSolution
		Debug|Any CPU = Debug|Any CPU
		Release|Any CPU = Release|Any CPU
	EndGlobalSection
	GlobalSection(ProjectConfigurationPlatforms) = postSolution
		{B8CC3581-56DD-4C26-9458-DD239772BE52}.Debug|Any CPU.ActiveCfg = Debug|Any CPU
		{B8CC3581-56DD-4C26-9458-DD239772BE52}.Debug|Any CPU.Build.0 = Debug|Any CPU
		{B8CC3581-56DD-4C26-9458-DD239772BE52}.Release|Any CPU.ActiveCfg = Release|Any CPU
		{B8CC3581-56DD-4C26-9458-DD239772BE52}.Release|Any CPU.Build.0 = Release|Any CPU
		{130CC393-DBEB-4CFC-8799-6024BC349412}.Debug|Any CPU.ActiveCfg = Debug|Any CPU
		{130CC393-DBEB-4CFC-8799-6024BC349412}.Debug|Any CPU.Build.0 = Debug|Any CPU
		{130CC393-DBEB-4CFC-8799-6024BC349412}.Release|Any CPU.ActiveCfg = Release|Any CPU
		{130CC393-DBEB-4CFC-8799-6024BC349412}.Release|Any CPU.Build.0 = Release|Any CPU
		{D04BAE17-595A-4ECD-B42D-2B495285423B}.Debug|Any CPU.ActiveCfg = Debug|Any CPU
		{D04BAE17-595A-4ECD-B42D-2B495285423B}.Debug|Any CPU.Build.0 = Debug|Any CPU
		{D04BAE17-595A-4ECD-B42D-2B495285423B}.Release|Any CPU.ActiveCfg = Release|Any CPU
		{D04BAE17-595A-4ECD-B42D-2B495285423B}.Release|Any CPU.Build.0 = Release|Any CPU
		{501610AE-6033-4913-BAAB-F32695FD48CC}.Debug|Any CPU.ActiveCfg = Debug|Any CPU
		{501610AE-6033-4913-BAAB-F32695FD48CC}.Debug|Any CPU.Build.0 = Debug|Any CPU
		{501610AE-6033-4913-BAAB-F32695FD48CC}.Release|Any CPU.ActiveCfg = Release|Any CPU
		{501610AE-6033-4913-BAAB-F32695FD48CC}.Release|Any CPU.Build.0 = Release|Any CPU
		{F561119B-F248-44EA-97B3-4B3464198D65}.Debug|Any CPU.ActiveCfg = Debug|Any CPU
		{F561119B-F248-44EA-97B3-4B3464198D65}.Debug|Any CPU.Build.0 = Debug|Any CPU
		{F561119B-F248-44EA-97B3-4B3464198D65}.Release|Any CPU.ActiveCfg = Release|Any CPU
		{F561119B-F248-44EA-97B3-4B3464198D65}.Release|Any CPU.Build.0 = Release|Any CPU
		{56FBA9AA-D7E0-4144-89DE-2784C15488FC}.Debug|Any CPU.ActiveCfg = Debug|Any CPU
		{56FBA9AA-D7E0-4144-89DE-2784C15488FC}.Debug|Any CPU.Build.0 = Debug|Any CPU
		{56FBA9AA-D7E0-4144-89DE-2784C15488FC}.Release|Any CPU.ActiveCfg = Release|Any CPU
		{56FBA9AA-D7E0-4144-89DE-2784C15488FC}.Release|Any CPU.Build.0 = Release|Any CPU
		{079C13B7-A0D3-486E-A8F9-0D47E5D8EB82}.Debug|Any CPU.ActiveCfg = Debug|Any CPU
		{079C13B7-A0D3-486E-A8F9-0D47E5D8EB82}.Debug|Any CPU.Build.0 = Debug|Any CPU
		{079C13B7-A0D3-486E-A8F9-0D47E5D8EB82}.Release|Any CPU.ActiveCfg = Release|Any CPU
		{079C13B7-A0D3-486E-A8F9-0D47E5D8EB82}.Release|Any CPU.Build.0 = Release|Any CPU
		{83ADE9D3-0260-4608-894F-E386B24EF74B}.Debug|Any CPU.ActiveCfg = Debug|Any CPU
		{83ADE9D3-0260-4608-894F-E386B24EF74B}.Debug|Any CPU.Build.0 = Debug|Any CPU
		{83ADE9D3-0260-4608-894F-E386B24EF74B}.Release|Any CPU.ActiveCfg = Release|Any CPU
		{83ADE9D3-0260-4608-894F-E386B24EF74B}.Release|Any CPU.Build.0 = Release|Any CPU
		{4FC66D8F-1153-458E-881A-8017A5C008F8}.Debug|Any CPU.ActiveCfg = Debug|Any CPU
		{4FC66D8F-1153-458E-881A-8017A5C008F8}.Debug|Any CPU.Build.0 = Debug|Any CPU
		{4FC66D8F-1153-458E-881A-8017A5C008F8}.Release|Any CPU.ActiveCfg = Release|Any CPU
		{4FC66D8F-1153-458E-881A-8017A5C008F8}.Release|Any CPU.Build.0 = Release|Any CPU
		{C7A35659-D0DA-4F63-899D-47474CA42608}.Debug|Any CPU.ActiveCfg = Debug|Any CPU
		{C7A35659-D0DA-4F63-899D-47474CA42608}.Debug|Any CPU.Build.0 = Debug|Any CPU
		{C7A35659-D0DA-4F63-899D-47474CA42608}.Release|Any CPU.ActiveCfg = Release|Any CPU
		{C7A35659-D0DA-4F63-899D-47474CA42608}.Release|Any CPU.Build.0 = Release|Any CPU
		{FB70B2D9-83C5-402D-B465-A7D0A57F6CF2}.Debug|Any CPU.ActiveCfg = Debug|Any CPU
		{FB70B2D9-83C5-402D-B465-A7D0A57F6CF2}.Debug|Any CPU.Build.0 = Debug|Any CPU
		{FB70B2D9-83C5-402D-B465-A7D0A57F6CF2}.Release|Any CPU.ActiveCfg = Release|Any CPU
		{FB70B2D9-83C5-402D-B465-A7D0A57F6CF2}.Release|Any CPU.Build.0 = Release|Any CPU
		{D3E340E7-A9E1-4242-9716-52783172F173}.Debug|Any CPU.ActiveCfg = Debug|Any CPU
		{D3E340E7-A9E1-4242-9716-52783172F173}.Debug|Any CPU.Build.0 = Debug|Any CPU
		{D3E340E7-A9E1-4242-9716-52783172F173}.Release|Any CPU.ActiveCfg = Release|Any CPU
		{D3E340E7-A9E1-4242-9716-52783172F173}.Release|Any CPU.Build.0 = Release|Any CPU
		{5EC4EC3B-0264-452D-A12B-B1C2CEC35622}.Debug|Any CPU.ActiveCfg = Debug|Any CPU
		{5EC4EC3B-0264-452D-A12B-B1C2CEC35622}.Debug|Any CPU.Build.0 = Debug|Any CPU
		{5EC4EC3B-0264-452D-A12B-B1C2CEC35622}.Release|Any CPU.ActiveCfg = Release|Any CPU
		{5EC4EC3B-0264-452D-A12B-B1C2CEC35622}.Release|Any CPU.Build.0 = Release|Any CPU
		{84391612-3638-4E94-9627-B26CA64FBAA5}.Debug|Any CPU.ActiveCfg = Debug|Any CPU
		{84391612-3638-4E94-9627-B26CA64FBAA5}.Debug|Any CPU.Build.0 = Debug|Any CPU
		{84391612-3638-4E94-9627-B26CA64FBAA5}.Release|Any CPU.ActiveCfg = Release|Any CPU
		{84391612-3638-4E94-9627-B26CA64FBAA5}.Release|Any CPU.Build.0 = Release|Any CPU
		{4853D3B8-BBE6-4B06-8E8D-E92CB2B09BFE}.Debug|Any CPU.ActiveCfg = Debug|Any CPU
		{4853D3B8-BBE6-4B06-8E8D-E92CB2B09BFE}.Debug|Any CPU.Build.0 = Debug|Any CPU
		{4853D3B8-BBE6-4B06-8E8D-E92CB2B09BFE}.Release|Any CPU.ActiveCfg = Release|Any CPU
		{4853D3B8-BBE6-4B06-8E8D-E92CB2B09BFE}.Release|Any CPU.Build.0 = Release|Any CPU
		{616CF36D-1D5E-4371-9D75-ED97E2352218}.Debug|Any CPU.ActiveCfg = Debug|Any CPU
		{616CF36D-1D5E-4371-9D75-ED97E2352218}.Debug|Any CPU.Build.0 = Debug|Any CPU
		{616CF36D-1D5E-4371-9D75-ED97E2352218}.Release|Any CPU.ActiveCfg = Release|Any CPU
		{616CF36D-1D5E-4371-9D75-ED97E2352218}.Release|Any CPU.Build.0 = Release|Any CPU
	EndGlobalSection
	GlobalSection(SolutionProperties) = preSolution
		HideSolutionNode = FALSE
	EndGlobalSection
	GlobalSection(NestedProjects) = preSolution
		{56FBA9AA-D7E0-4144-89DE-2784C15488FC} = {9EE70613-E47C-4FFE-B23D-73B858FD8693}
		{C7A35659-D0DA-4F63-899D-47474CA42608} = {9EE70613-E47C-4FFE-B23D-73B858FD8693}
		{FB70B2D9-83C5-402D-B465-A7D0A57F6CF2} = {9EE70613-E47C-4FFE-B23D-73B858FD8693}
		{D3E340E7-A9E1-4242-9716-52783172F173} = {9EE70613-E47C-4FFE-B23D-73B858FD8693}
		{5EC4EC3B-0264-452D-A12B-B1C2CEC35622} = {9095BB91-17DE-4F04-B807-35E7E897D77A}
		{84391612-3638-4E94-9627-B26CA64FBAA5} = {9EE70613-E47C-4FFE-B23D-73B858FD8693}
		{4853D3B8-BBE6-4B06-8E8D-E92CB2B09BFE} = {9EE70613-E47C-4FFE-B23D-73B858FD8693}
		{616CF36D-1D5E-4371-9D75-ED97E2352218} = {9EE70613-E47C-4FFE-B23D-73B858FD8693}
	EndGlobalSection
	GlobalSection(ExtensibilityGlobals) = postSolution
		SolutionGuid = {0BA1BC26-1798-4701-BE1E-E878FE3D96F2}
	EndGlobalSection
EndGlobal
